
Microsoft Visual Studio Solution File, Format Version 12.00
# Visual Studio 15
VisualStudioVersion = 15.0.26124.0
MinimumVisualStudioVersion = 15.0.26124.0
Project("{2150E333-8FDC-42A3-9474-1A3956D46DE8}") = "0 - Domain", "0 - Domain", "{118E7D5C-02A6-446F-B2AB-B4A44CA5576D}"
EndProject
Project("{2150E333-8FDC-42A3-9474-1A3956D46DE8}") = "1 - Tests", "1 - Tests", "{0E19A754-BBED-4FAA-83B2-5C84ECD4E6BE}"
EndProject
Project("{2150E333-8FDC-42A3-9474-1A3956D46DE8}") = "2 - Infra", "2 - Infra", "{89E169BD-00ED-4FC0-83A7-1D19CEA1F4B1}"
EndProject
Project("{2150E333-8FDC-42A3-9474-1A3956D46DE8}") = "3 - Application", "3 - Application", "{16E5F1DD-900B-4C67-8629-765AA3DE9218}"
EndProject
Project("{2150E333-8FDC-42A3-9474-1A3956D46DE8}") = "5 - Presentation", "5 - Presentation", "{0E2DD33E-62BB-4BE2-9054-260EEA5079DB}"
EndProject
Project("{FAE04EC0-301F-11D3-BF4B-00C04F79EFBC}") = "HelloSocialNetwork.Domain", "HelloSocialNetwork.Domain\HelloSocialNetwork.Domain.csproj", "{3271C528-43E6-4B07-B607-0BB042E29CA2}"
EndProject
Project("{FAE04EC0-301F-11D3-BF4B-00C04F79EFBC}") = "HelloSocialNetwork.Tests", "HelloSocialNetwork.Tests\HelloSocialNetwork.Tests.csproj", "{C0061F02-D49C-4830-86BF-A452C22F5D69}"
EndProject
Project("{FAE04EC0-301F-11D3-BF4B-00C04F79EFBC}") = "HelloSocialNetwork.Application", "HelloSocialNetwork.Application\HelloSocialNetwork.Application.csproj", "{3FB9F7A7-F34D-44BB-A068-58391BB29119}"
EndProject
Project("{2150E333-8FDC-42A3-9474-1A3956D46DE8}") = "4 -API", "4 -API", "{448FB0C7-2349-4960-924E-C1423D6B9AE8}"
EndProject
Project("{FAE04EC0-301F-11D3-BF4B-00C04F79EFBC}") = "HelloSocialNetwork.API", "HelloSocialNetwork.API\HelloSocialNetwork.API\HelloSocialNetwork.API.csproj", "{B433E8E1-C275-405D-A741-E771F4191663}"
EndProject
Project("{2150E333-8FDC-42A3-9474-1A3956D46DE8}") = "2.1 - CrossCutting", "2.1 - CrossCutting", "{8887CA35-8E13-4BAC-AF32-B4F250C078E3}"
EndProject
Project("{2150E333-8FDC-42A3-9474-1A3956D46DE8}") = "2.2 - Data", "2.2 - Data", "{DF659C60-AE73-4EA2-8C76-7D905808DC2B}"
EndProject
Project("{FAE04EC0-301F-11D3-BF4B-00C04F79EFBC}") = "HelloSocialNetwork.Infra.Data", "HelloSocialNetwork.Infra.Data\HelloSocialNetwork.Infra.Data.csproj", "{6062DEE9-8DDF-4944-9941-1FBFA3FC6A4F}"
EndProject
Global
	GlobalSection(SolutionConfigurationPlatforms) = preSolution
		Debug|Any CPU = Debug|Any CPU
		Release|Any CPU = Release|Any CPU
	EndGlobalSection
	GlobalSection(ProjectConfigurationPlatforms) = postSolution
		{3271C528-43E6-4B07-B607-0BB042E29CA2}.Debug|Any CPU.ActiveCfg = Debug|Any CPU
		{3271C528-43E6-4B07-B607-0BB042E29CA2}.Debug|Any CPU.Build.0 = Debug|Any CPU
		{3271C528-43E6-4B07-B607-0BB042E29CA2}.Release|Any CPU.ActiveCfg = Release|Any CPU
		{3271C528-43E6-4B07-B607-0BB042E29CA2}.Release|Any CPU.Build.0 = Release|Any CPU
		{C0061F02-D49C-4830-86BF-A452C22F5D69}.Debug|Any CPU.ActiveCfg = Debug|Any CPU
		{C0061F02-D49C-4830-86BF-A452C22F5D69}.Debug|Any CPU.Build.0 = Debug|Any CPU
		{C0061F02-D49C-4830-86BF-A452C22F5D69}.Release|Any CPU.ActiveCfg = Release|Any CPU
		{C0061F02-D49C-4830-86BF-A452C22F5D69}.Release|Any CPU.Build.0 = Release|Any CPU
		{3FB9F7A7-F34D-44BB-A068-58391BB29119}.Debug|Any CPU.ActiveCfg = Debug|Any CPU
		{3FB9F7A7-F34D-44BB-A068-58391BB29119}.Debug|Any CPU.Build.0 = Debug|Any CPU
		{3FB9F7A7-F34D-44BB-A068-58391BB29119}.Release|Any CPU.ActiveCfg = Release|Any CPU
		{3FB9F7A7-F34D-44BB-A068-58391BB29119}.Release|Any CPU.Build.0 = Release|Any CPU
		{B433E8E1-C275-405D-A741-E771F4191663}.Debug|Any CPU.ActiveCfg = Debug|Any CPU
		{B433E8E1-C275-405D-A741-E771F4191663}.Debug|Any CPU.Build.0 = Debug|Any CPU
		{B433E8E1-C275-405D-A741-E771F4191663}.Release|Any CPU.ActiveCfg = Release|Any CPU
		{B433E8E1-C275-405D-A741-E771F4191663}.Release|Any CPU.Build.0 = Release|Any CPU
		{6062DEE9-8DDF-4944-9941-1FBFA3FC6A4F}.Debug|Any CPU.ActiveCfg = Debug|Any CPU
		{6062DEE9-8DDF-4944-9941-1FBFA3FC6A4F}.Debug|Any CPU.Build.0 = Debug|Any CPU
		{6062DEE9-8DDF-4944-9941-1FBFA3FC6A4F}.Release|Any CPU.ActiveCfg = Release|Any CPU
		{6062DEE9-8DDF-4944-9941-1FBFA3FC6A4F}.Release|Any CPU.Build.0 = Release|Any CPU
	EndGlobalSection
	GlobalSection(SolutionProperties) = preSolution
		HideSolutionNode = FALSE
	EndGlobalSection
	GlobalSection(NestedProjects) = preSolution
		{3271C528-43E6-4B07-B607-0BB042E29CA2} = {118E7D5C-02A6-446F-B2AB-B4A44CA5576D}
		{C0061F02-D49C-4830-86BF-A452C22F5D69} = {0E19A754-BBED-4FAA-83B2-5C84ECD4E6BE}
		{3FB9F7A7-F34D-44BB-A068-58391BB29119} = {16E5F1DD-900B-4C67-8629-765AA3DE9218}
		{B433E8E1-C275-405D-A741-E771F4191663} = {448FB0C7-2349-4960-924E-C1423D6B9AE8}
		{8887CA35-8E13-4BAC-AF32-B4F250C078E3} = {89E169BD-00ED-4FC0-83A7-1D19CEA1F4B1}
		{DF659C60-AE73-4EA2-8C76-7D905808DC2B} = {89E169BD-00ED-4FC0-83A7-1D19CEA1F4B1}
		{6062DEE9-8DDF-4944-9941-1FBFA3FC6A4F} = {DF659C60-AE73-4EA2-8C76-7D905808DC2B}
	EndGlobalSection
	GlobalSection(ExtensibilityGlobals) = postSolution
		SolutionGuid = {86B56FC9-2AB5-4230-9844-EB724BD22D36}
	EndGlobalSection
EndGlobal
